// !$*UTF8*$!
{
	archiveVersion = 1;
	classes = {
	};
	objectVersion = 55;
	objects = {

/* Begin PBXBuildFile section */
		11CED98A7E7F4DAD1CF743D1 /* Pods_Trip_ManagerTests.framework in Frameworks */ = {isa = PBXBuildFile; fileRef = AF836D69C2A81BAB91827337 /* Pods_Trip_ManagerTests.framework */; };
		13A5DF81779EF0C03FD37D75 /* Pods_Trip_Manager.framework in Frameworks */ = {isa = PBXBuildFile; fileRef = F16A261B0F0FC60D5840E82A /* Pods_Trip_Manager.framework */; };
		DA02210B75E43F99B4F8E148 /* Pods_Trip_Manager_Trip_ManagerUITests.framework in Frameworks */ = {isa = PBXBuildFile; fileRef = 288237A51401996BDF9A8F34 /* Pods_Trip_Manager_Trip_ManagerUITests.framework */; };
		E102DE062A0FF97C00E3EC5E /* Utils.swift in Sources */ = {isa = PBXBuildFile; fileRef = E102DE052A0FF97C00E3EC5E /* Utils.swift */; };
		E102DE082A0FF9BD00E3EC5E /* UICollectionViewExtensions.swift in Sources */ = {isa = PBXBuildFile; fileRef = E102DE072A0FF9BD00E3EC5E /* UICollectionViewExtensions.swift */; };
		E102DE0A2A0FFA2500E3EC5E /* UIViewExtension.swift in Sources */ = {isa = PBXBuildFile; fileRef = E102DE092A0FFA2500E3EC5E /* UIViewExtension.swift */; };
		E102DE0C2A11168A00E3EC5E /* StopRestModel.swift in Sources */ = {isa = PBXBuildFile; fileRef = E102DE0B2A11168A00E3EC5E /* StopRestModel.swift */; };
		E102DE0E2A11177D00E3EC5E /* StopRestWorker.swift in Sources */ = {isa = PBXBuildFile; fileRef = E102DE0D2A11177D00E3EC5E /* StopRestWorker.swift */; };
		E102DE102A11183200E3EC5E /* StopRestWorkerProtocol.swift in Sources */ = {isa = PBXBuildFile; fileRef = E102DE0F2A11183200E3EC5E /* StopRestWorkerProtocol.swift */; };
		E102DE132A111F8E00E3EC5E /* StopView.swift in Sources */ = {isa = PBXBuildFile; fileRef = E102DE122A111F8E00E3EC5E /* StopView.swift */; };
		E102DE152A111FBA00E3EC5E /* StopView.xib in Resources */ = {isa = PBXBuildFile; fileRef = E102DE142A111FBA00E3EC5E /* StopView.xib */; };
		E102DE182A11375900E3EC5E /* StopPointAnnotation.swift in Sources */ = {isa = PBXBuildFile; fileRef = E102DE172A11375900E3EC5E /* StopPointAnnotation.swift */; };
		E102DE1C2A11FD6600E3EC5E /* ContactForm.storyboard in Resources */ = {isa = PBXBuildFile; fileRef = E102DE1B2A11FD6600E3EC5E /* ContactForm.storyboard */; };
		E102DE1F2A11FD8D00E3EC5E /* ContactFormViewController.swift in Sources */ = {isa = PBXBuildFile; fileRef = E102DE1E2A11FD8D00E3EC5E /* ContactFormViewController.swift */; };
		E102DE222A11FDE000E3EC5E /* MapRouter.swift in Sources */ = {isa = PBXBuildFile; fileRef = E102DE212A11FDE000E3EC5E /* MapRouter.swift */; };
		E102DE242A11FF7600E3EC5E /* MapRouterProtocol.swift in Sources */ = {isa = PBXBuildFile; fileRef = E102DE232A11FF7600E3EC5E /* MapRouterProtocol.swift */; };
		E102DE272A11FFE200E3EC5E /* ContactFormRouter.swift in Sources */ = {isa = PBXBuildFile; fileRef = E102DE262A11FFE200E3EC5E /* ContactFormRouter.swift */; };
		E102DE2A2A11FFFE00E3EC5E /* ContactFormRouterProtocol.swift in Sources */ = {isa = PBXBuildFile; fileRef = E102DE292A11FFFE00E3EC5E /* ContactFormRouterProtocol.swift */; };
		E102DE2D2A12012F00E3EC5E /* ContactFormPresenter.swift in Sources */ = {isa = PBXBuildFile; fileRef = E102DE2C2A12012E00E3EC5E /* ContactFormPresenter.swift */; };
		E102DE2F2A12014500E3EC5E /* ContactFormPresenterProtocol.swift in Sources */ = {isa = PBXBuildFile; fileRef = E102DE2E2A12014500E3EC5E /* ContactFormPresenterProtocol.swift */; };
		E102DE312A1201A800E3EC5E /* ContactFormViewControllerProtocol.swift in Sources */ = {isa = PBXBuildFile; fileRef = E102DE302A1201A800E3EC5E /* ContactFormViewControllerProtocol.swift */; };
		E102DE332A1202DA00E3EC5E /* ContactFormInteractorProtocol.swift in Sources */ = {isa = PBXBuildFile; fileRef = E102DE322A1202DA00E3EC5E /* ContactFormInteractorProtocol.swift */; };
		E102DE362A1202FD00E3EC5E /* ContactFormInteractor.swift in Sources */ = {isa = PBXBuildFile; fileRef = E102DE352A1202FD00E3EC5E /* ContactFormInteractor.swift */; };
		E102DE392A12262400E3EC5E /* ContactFormDataWorker.swift in Sources */ = {isa = PBXBuildFile; fileRef = E102DE382A12262400E3EC5E /* ContactFormDataWorker.swift */; };
		E102DE3B2A12264B00E3EC5E /* ContactFormDataWorkerProtocol.swift in Sources */ = {isa = PBXBuildFile; fileRef = E102DE3A2A12264B00E3EC5E /* ContactFormDataWorkerProtocol.swift */; };
		E102DE3E2A12327A00E3EC5E /* ContactFormFieldModel.swift in Sources */ = {isa = PBXBuildFile; fileRef = E102DE3D2A12327A00E3EC5E /* ContactFormFieldModel.swift */; };
		E102DE442A1237B800E3EC5E /* CoreDataStack.swift in Sources */ = {isa = PBXBuildFile; fileRef = E102DE432A1237B800E3EC5E /* CoreDataStack.swift */; };
		E102DE4B2A1239DE00E3EC5E /* Reports+CoreDataProperties.swift in Sources */ = {isa = PBXBuildFile; fileRef = E102DE4A2A1239DE00E3EC5E /* Reports+CoreDataProperties.swift */; };
		E102DE4C2A1239DE00E3EC5E /* Reports+CoreDataClass.swift in Sources */ = {isa = PBXBuildFile; fileRef = E102DE492A1239DE00E3EC5E /* Reports+CoreDataClass.swift */; };
		E102DE4D2A123D7000E3EC5E /* Reports.xcdatamodeld in Resources */ = {isa = PBXBuildFile; fileRef = E102DE3F2A12379200E3EC5E /* Reports.xcdatamodeld */; };
		E15DE75D2A0F9DCC00E5AD30 /* AppDelegate.swift in Sources */ = {isa = PBXBuildFile; fileRef = E15DE75C2A0F9DCC00E5AD30 /* AppDelegate.swift */; };
		E15DE75F2A0F9DCC00E5AD30 /* SceneDelegate.swift in Sources */ = {isa = PBXBuildFile; fileRef = E15DE75E2A0F9DCC00E5AD30 /* SceneDelegate.swift */; };
		E15DE7612A0F9DCC00E5AD30 /* ViewController.swift in Sources */ = {isa = PBXBuildFile; fileRef = E15DE7602A0F9DCC00E5AD30 /* ViewController.swift */; };
		E15DE7642A0F9DCC00E5AD30 /* Main.storyboard in Resources */ = {isa = PBXBuildFile; fileRef = E15DE7622A0F9DCC00E5AD30 /* Main.storyboard */; };
		E15DE7662A0F9DCD00E5AD30 /* Assets.xcassets in Resources */ = {isa = PBXBuildFile; fileRef = E15DE7652A0F9DCD00E5AD30 /* Assets.xcassets */; };
		E15DE7692A0F9DCD00E5AD30 /* LaunchScreen.storyboard in Resources */ = {isa = PBXBuildFile; fileRef = E15DE7672A0F9DCD00E5AD30 /* LaunchScreen.storyboard */; };
		E15DE7742A0F9DCE00E5AD30 /* Trip_ManagerTests.swift in Sources */ = {isa = PBXBuildFile; fileRef = E15DE7732A0F9DCE00E5AD30 /* Trip_ManagerTests.swift */; };
		E15DE77E2A0F9DCE00E5AD30 /* Trip_ManagerUITests.swift in Sources */ = {isa = PBXBuildFile; fileRef = E15DE77D2A0F9DCE00E5AD30 /* Trip_ManagerUITests.swift */; };
		E15DE7802A0F9DCE00E5AD30 /* Trip_ManagerUITestsLaunchTests.swift in Sources */ = {isa = PBXBuildFile; fileRef = E15DE77F2A0F9DCE00E5AD30 /* Trip_ManagerUITestsLaunchTests.swift */; };
		E15DE78F2A0FB07F00E5AD30 /* Map.storyboard in Resources */ = {isa = PBXBuildFile; fileRef = E15DE78E2A0FB07F00E5AD30 /* Map.storyboard */; };
		E15DE7922A0FB37B00E5AD30 /* MapViewController.swift in Sources */ = {isa = PBXBuildFile; fileRef = E15DE7912A0FB37B00E5AD30 /* MapViewController.swift */; };
		E15DE7952A0FB5C600E5AD30 /* MapInteractor.swift in Sources */ = {isa = PBXBuildFile; fileRef = E15DE7942A0FB5C600E5AD30 /* MapInteractor.swift */; };
		E15DE7972A0FB5EE00E5AD30 /* MapPresenter.swift in Sources */ = {isa = PBXBuildFile; fileRef = E15DE7962A0FB5EE00E5AD30 /* MapPresenter.swift */; };
		E15DE79B2A0FB7A800E5AD30 /* MapInteractorProtocol.swift in Sources */ = {isa = PBXBuildFile; fileRef = E15DE79A2A0FB7A800E5AD30 /* MapInteractorProtocol.swift */; };
		E15DE79D2A0FB85100E5AD30 /* MapViewControllerProtocol.swift in Sources */ = {isa = PBXBuildFile; fileRef = E15DE79C2A0FB85100E5AD30 /* MapViewControllerProtocol.swift */; };
		E15DE79F2A0FB9E000E5AD30 /* MapPresenterProtocol.swift in Sources */ = {isa = PBXBuildFile; fileRef = E15DE79E2A0FB9E000E5AD30 /* MapPresenterProtocol.swift */; };
		E15DE7A22A0FBC7900E5AD30 /* TripsRestWorker.swift in Sources */ = {isa = PBXBuildFile; fileRef = E15DE7A12A0FBC7900E5AD30 /* TripsRestWorker.swift */; };
		E15DE7A42A0FBD9B00E5AD30 /* TripListRestWorkerProtocol.swift in Sources */ = {isa = PBXBuildFile; fileRef = E15DE7A32A0FBD9B00E5AD30 /* TripListRestWorkerProtocol.swift */; };
		E15DE7A72A0FBF3400E5AD30 /* TripRestModel.swift in Sources */ = {isa = PBXBuildFile; fileRef = E15DE7A62A0FBF3400E5AD30 /* TripRestModel.swift */; };
		E15DE7AB2A0FD1D500E5AD30 /* RouteCollectionViewCell.swift in Sources */ = {isa = PBXBuildFile; fileRef = E15DE7A92A0FD1D500E5AD30 /* RouteCollectionViewCell.swift */; };
		E15DE7AC2A0FD1D500E5AD30 /* RouteCollectionViewCell.xib in Resources */ = {isa = PBXBuildFile; fileRef = E15DE7AA2A0FD1D500E5AD30 /* RouteCollectionViewCell.xib */; };
		E15DE7AE2A0FD28800E5AD30 /* MapViewController+UICollectionView.swift in Sources */ = {isa = PBXBuildFile; fileRef = E15DE7AD2A0FD28800E5AD30 /* MapViewController+UICollectionView.swift */; };
		E1AED9322A0FDEE900D18204 /* TripModel.swift in Sources */ = {isa = PBXBuildFile; fileRef = E1AED9312A0FDEE900D18204 /* TripModel.swift */; };
		E1AED9342A0FE2AC00D18204 /* MapWorker.swift in Sources */ = {isa = PBXBuildFile; fileRef = E1AED9332A0FE2AC00D18204 /* MapWorker.swift */; };
		E1AED9362A0FE35400D18204 /* MapWorkerProtocol.swift in Sources */ = {isa = PBXBuildFile; fileRef = E1AED9352A0FE35400D18204 /* MapWorkerProtocol.swift */; };
/* End PBXBuildFile section */

/* Begin PBXContainerItemProxy section */
		E15DE7702A0F9DCE00E5AD30 /* PBXContainerItemProxy */ = {
			isa = PBXContainerItemProxy;
			containerPortal = E15DE7512A0F9DCC00E5AD30 /* Project object */;
			proxyType = 1;
			remoteGlobalIDString = E15DE7582A0F9DCC00E5AD30;
			remoteInfo = "Trip Manager";
		};
		E15DE77A2A0F9DCE00E5AD30 /* PBXContainerItemProxy */ = {
			isa = PBXContainerItemProxy;
			containerPortal = E15DE7512A0F9DCC00E5AD30 /* Project object */;
			proxyType = 1;
			remoteGlobalIDString = E15DE7582A0F9DCC00E5AD30;
			remoteInfo = "Trip Manager";
		};
/* End PBXContainerItemProxy section */

/* Begin PBXFileReference section */
		288237A51401996BDF9A8F34 /* Pods_Trip_Manager_Trip_ManagerUITests.framework */ = {isa = PBXFileReference; explicitFileType = wrapper.framework; includeInIndex = 0; path = Pods_Trip_Manager_Trip_ManagerUITests.framework; sourceTree = BUILT_PRODUCTS_DIR; };
		40CD12445B3F18F798170F9D /* Pods-Trip ManagerTests.release.xcconfig */ = {isa = PBXFileReference; includeInIndex = 1; lastKnownFileType = text.xcconfig; name = "Pods-Trip ManagerTests.release.xcconfig"; path = "Target Support Files/Pods-Trip ManagerTests/Pods-Trip ManagerTests.release.xcconfig"; sourceTree = "<group>"; };
		60F2D7C4F0DB59CCF3CCFD95 /* Pods-Trip ManagerTests.debug.xcconfig */ = {isa = PBXFileReference; includeInIndex = 1; lastKnownFileType = text.xcconfig; name = "Pods-Trip ManagerTests.debug.xcconfig"; path = "Target Support Files/Pods-Trip ManagerTests/Pods-Trip ManagerTests.debug.xcconfig"; sourceTree = "<group>"; };
		671BE86612EF598E7C60F50C /* Pods-Trip Manager-Trip ManagerUITests.debug.xcconfig */ = {isa = PBXFileReference; includeInIndex = 1; lastKnownFileType = text.xcconfig; name = "Pods-Trip Manager-Trip ManagerUITests.debug.xcconfig"; path = "Target Support Files/Pods-Trip Manager-Trip ManagerUITests/Pods-Trip Manager-Trip ManagerUITests.debug.xcconfig"; sourceTree = "<group>"; };
		7091468D75D695ACB4949553 /* Pods-Trip Manager.debug.xcconfig */ = {isa = PBXFileReference; includeInIndex = 1; lastKnownFileType = text.xcconfig; name = "Pods-Trip Manager.debug.xcconfig"; path = "Target Support Files/Pods-Trip Manager/Pods-Trip Manager.debug.xcconfig"; sourceTree = "<group>"; };
		9536B3678218C592A5980AD0 /* Pods-Trip Manager-Trip ManagerUITests.release.xcconfig */ = {isa = PBXFileReference; includeInIndex = 1; lastKnownFileType = text.xcconfig; name = "Pods-Trip Manager-Trip ManagerUITests.release.xcconfig"; path = "Target Support Files/Pods-Trip Manager-Trip ManagerUITests/Pods-Trip Manager-Trip ManagerUITests.release.xcconfig"; sourceTree = "<group>"; };
		AF836D69C2A81BAB91827337 /* Pods_Trip_ManagerTests.framework */ = {isa = PBXFileReference; explicitFileType = wrapper.framework; includeInIndex = 0; path = Pods_Trip_ManagerTests.framework; sourceTree = BUILT_PRODUCTS_DIR; };
		E102DE052A0FF97C00E3EC5E /* Utils.swift */ = {isa = PBXFileReference; lastKnownFileType = sourcecode.swift; path = Utils.swift; sourceTree = "<group>"; };
		E102DE072A0FF9BD00E3EC5E /* UICollectionViewExtensions.swift */ = {isa = PBXFileReference; lastKnownFileType = sourcecode.swift; path = UICollectionViewExtensions.swift; sourceTree = "<group>"; };
		E102DE092A0FFA2500E3EC5E /* UIViewExtension.swift */ = {isa = PBXFileReference; lastKnownFileType = sourcecode.swift; path = UIViewExtension.swift; sourceTree = "<group>"; };
		E102DE0B2A11168A00E3EC5E /* StopRestModel.swift */ = {isa = PBXFileReference; lastKnownFileType = sourcecode.swift; path = StopRestModel.swift; sourceTree = "<group>"; };
		E102DE0D2A11177D00E3EC5E /* StopRestWorker.swift */ = {isa = PBXFileReference; lastKnownFileType = sourcecode.swift; path = StopRestWorker.swift; sourceTree = "<group>"; };
		E102DE0F2A11183200E3EC5E /* StopRestWorkerProtocol.swift */ = {isa = PBXFileReference; lastKnownFileType = sourcecode.swift; path = StopRestWorkerProtocol.swift; sourceTree = "<group>"; };
		E102DE122A111F8E00E3EC5E /* StopView.swift */ = {isa = PBXFileReference; lastKnownFileType = sourcecode.swift; path = StopView.swift; sourceTree = "<group>"; };
		E102DE142A111FBA00E3EC5E /* StopView.xib */ = {isa = PBXFileReference; lastKnownFileType = file.xib; path = StopView.xib; sourceTree = "<group>"; };
		E102DE172A11375900E3EC5E /* StopPointAnnotation.swift */ = {isa = PBXFileReference; lastKnownFileType = sourcecode.swift; path = StopPointAnnotation.swift; sourceTree = "<group>"; };
		E102DE1B2A11FD6600E3EC5E /* ContactForm.storyboard */ = {isa = PBXFileReference; lastKnownFileType = file.storyboard; path = ContactForm.storyboard; sourceTree = "<group>"; };
		E102DE1E2A11FD8D00E3EC5E /* ContactFormViewController.swift */ = {isa = PBXFileReference; lastKnownFileType = sourcecode.swift; path = ContactFormViewController.swift; sourceTree = "<group>"; };
		E102DE212A11FDE000E3EC5E /* MapRouter.swift */ = {isa = PBXFileReference; lastKnownFileType = sourcecode.swift; path = MapRouter.swift; sourceTree = "<group>"; };
		E102DE232A11FF7600E3EC5E /* MapRouterProtocol.swift */ = {isa = PBXFileReference; lastKnownFileType = sourcecode.swift; path = MapRouterProtocol.swift; sourceTree = "<group>"; };
		E102DE262A11FFE200E3EC5E /* ContactFormRouter.swift */ = {isa = PBXFileReference; lastKnownFileType = sourcecode.swift; path = ContactFormRouter.swift; sourceTree = "<group>"; };
		E102DE292A11FFFE00E3EC5E /* ContactFormRouterProtocol.swift */ = {isa = PBXFileReference; lastKnownFileType = sourcecode.swift; path = ContactFormRouterProtocol.swift; sourceTree = "<group>"; };
		E102DE2C2A12012E00E3EC5E /* ContactFormPresenter.swift */ = {isa = PBXFileReference; lastKnownFileType = sourcecode.swift; path = ContactFormPresenter.swift; sourceTree = "<group>"; };
		E102DE2E2A12014500E3EC5E /* ContactFormPresenterProtocol.swift */ = {isa = PBXFileReference; lastKnownFileType = sourcecode.swift; path = ContactFormPresenterProtocol.swift; sourceTree = "<group>"; };
		E102DE302A1201A800E3EC5E /* ContactFormViewControllerProtocol.swift */ = {isa = PBXFileReference; lastKnownFileType = sourcecode.swift; path = ContactFormViewControllerProtocol.swift; sourceTree = "<group>"; };
		E102DE322A1202DA00E3EC5E /* ContactFormInteractorProtocol.swift */ = {isa = PBXFileReference; lastKnownFileType = sourcecode.swift; path = ContactFormInteractorProtocol.swift; sourceTree = "<group>"; };
		E102DE352A1202FD00E3EC5E /* ContactFormInteractor.swift */ = {isa = PBXFileReference; lastKnownFileType = sourcecode.swift; path = ContactFormInteractor.swift; sourceTree = "<group>"; };
		E102DE382A12262400E3EC5E /* ContactFormDataWorker.swift */ = {isa = PBXFileReference; lastKnownFileType = sourcecode.swift; path = ContactFormDataWorker.swift; sourceTree = "<group>"; };
		E102DE3A2A12264B00E3EC5E /* ContactFormDataWorkerProtocol.swift */ = {isa = PBXFileReference; lastKnownFileType = sourcecode.swift; path = ContactFormDataWorkerProtocol.swift; sourceTree = "<group>"; };
		E102DE3D2A12327A00E3EC5E /* ContactFormFieldModel.swift */ = {isa = PBXFileReference; lastKnownFileType = sourcecode.swift; path = ContactFormFieldModel.swift; sourceTree = "<group>"; };
		E102DE402A12379200E3EC5E /* Reports.xcdatamodel */ = {isa = PBXFileReference; lastKnownFileType = wrapper.xcdatamodel; path = Reports.xcdatamodel; sourceTree = "<group>"; };
		E102DE432A1237B800E3EC5E /* CoreDataStack.swift */ = {isa = PBXFileReference; lastKnownFileType = sourcecode.swift; path = CoreDataStack.swift; sourceTree = "<group>"; };
		E102DE492A1239DE00E3EC5E /* Reports+CoreDataClass.swift */ = {isa = PBXFileReference; lastKnownFileType = sourcecode.swift; name = "Reports+CoreDataClass.swift"; path = "/Users/isacenco/GitHub/trip-manager/Trip Manager/ContactForm/CoreData/Reports+CoreDataClass.swift"; sourceTree = "<absolute>"; };
		E102DE4A2A1239DE00E3EC5E /* Reports+CoreDataProperties.swift */ = {isa = PBXFileReference; lastKnownFileType = sourcecode.swift; name = "Reports+CoreDataProperties.swift"; path = "/Users/isacenco/GitHub/trip-manager/Trip Manager/ContactForm/CoreData/Reports+CoreDataProperties.swift"; sourceTree = "<absolute>"; };
		E15DE7592A0F9DCC00E5AD30 /* Trip Manager.app */ = {isa = PBXFileReference; explicitFileType = wrapper.application; includeInIndex = 0; path = "Trip Manager.app"; sourceTree = BUILT_PRODUCTS_DIR; };
		E15DE75C2A0F9DCC00E5AD30 /* AppDelegate.swift */ = {isa = PBXFileReference; lastKnownFileType = sourcecode.swift; path = AppDelegate.swift; sourceTree = "<group>"; };
		E15DE75E2A0F9DCC00E5AD30 /* SceneDelegate.swift */ = {isa = PBXFileReference; lastKnownFileType = sourcecode.swift; path = SceneDelegate.swift; sourceTree = "<group>"; };
		E15DE7602A0F9DCC00E5AD30 /* ViewController.swift */ = {isa = PBXFileReference; lastKnownFileType = sourcecode.swift; path = ViewController.swift; sourceTree = "<group>"; };
		E15DE7632A0F9DCC00E5AD30 /* Base */ = {isa = PBXFileReference; lastKnownFileType = file.storyboard; name = Base; path = Base.lproj/Main.storyboard; sourceTree = "<group>"; };
		E15DE7652A0F9DCD00E5AD30 /* Assets.xcassets */ = {isa = PBXFileReference; lastKnownFileType = folder.assetcatalog; path = Assets.xcassets; sourceTree = "<group>"; };
		E15DE7682A0F9DCD00E5AD30 /* Base */ = {isa = PBXFileReference; lastKnownFileType = file.storyboard; name = Base; path = Base.lproj/LaunchScreen.storyboard; sourceTree = "<group>"; };
		E15DE76A2A0F9DCD00E5AD30 /* Info.plist */ = {isa = PBXFileReference; lastKnownFileType = text.plist.xml; path = Info.plist; sourceTree = "<group>"; };
		E15DE76F2A0F9DCE00E5AD30 /* Trip ManagerTests.xctest */ = {isa = PBXFileReference; explicitFileType = wrapper.cfbundle; includeInIndex = 0; path = "Trip ManagerTests.xctest"; sourceTree = BUILT_PRODUCTS_DIR; };
		E15DE7732A0F9DCE00E5AD30 /* Trip_ManagerTests.swift */ = {isa = PBXFileReference; lastKnownFileType = sourcecode.swift; path = Trip_ManagerTests.swift; sourceTree = "<group>"; };
		E15DE7792A0F9DCE00E5AD30 /* Trip ManagerUITests.xctest */ = {isa = PBXFileReference; explicitFileType = wrapper.cfbundle; includeInIndex = 0; path = "Trip ManagerUITests.xctest"; sourceTree = BUILT_PRODUCTS_DIR; };
		E15DE77D2A0F9DCE00E5AD30 /* Trip_ManagerUITests.swift */ = {isa = PBXFileReference; lastKnownFileType = sourcecode.swift; path = Trip_ManagerUITests.swift; sourceTree = "<group>"; };
		E15DE77F2A0F9DCE00E5AD30 /* Trip_ManagerUITestsLaunchTests.swift */ = {isa = PBXFileReference; lastKnownFileType = sourcecode.swift; path = Trip_ManagerUITestsLaunchTests.swift; sourceTree = "<group>"; };
		E15DE78E2A0FB07F00E5AD30 /* Map.storyboard */ = {isa = PBXFileReference; lastKnownFileType = file.storyboard; path = Map.storyboard; sourceTree = "<group>"; };
		E15DE7912A0FB37B00E5AD30 /* MapViewController.swift */ = {isa = PBXFileReference; lastKnownFileType = sourcecode.swift; path = MapViewController.swift; sourceTree = "<group>"; };
		E15DE7942A0FB5C600E5AD30 /* MapInteractor.swift */ = {isa = PBXFileReference; lastKnownFileType = sourcecode.swift; path = MapInteractor.swift; sourceTree = "<group>"; };
		E15DE7962A0FB5EE00E5AD30 /* MapPresenter.swift */ = {isa = PBXFileReference; lastKnownFileType = sourcecode.swift; path = MapPresenter.swift; sourceTree = "<group>"; };
		E15DE79A2A0FB7A800E5AD30 /* MapInteractorProtocol.swift */ = {isa = PBXFileReference; lastKnownFileType = sourcecode.swift; path = MapInteractorProtocol.swift; sourceTree = "<group>"; };
		E15DE79C2A0FB85100E5AD30 /* MapViewControllerProtocol.swift */ = {isa = PBXFileReference; lastKnownFileType = sourcecode.swift; path = MapViewControllerProtocol.swift; sourceTree = "<group>"; };
		E15DE79E2A0FB9E000E5AD30 /* MapPresenterProtocol.swift */ = {isa = PBXFileReference; lastKnownFileType = sourcecode.swift; path = MapPresenterProtocol.swift; sourceTree = "<group>"; };
		E15DE7A12A0FBC7900E5AD30 /* TripsRestWorker.swift */ = {isa = PBXFileReference; lastKnownFileType = sourcecode.swift; path = TripsRestWorker.swift; sourceTree = "<group>"; };
		E15DE7A32A0FBD9B00E5AD30 /* TripListRestWorkerProtocol.swift */ = {isa = PBXFileReference; lastKnownFileType = sourcecode.swift; path = TripListRestWorkerProtocol.swift; sourceTree = "<group>"; };
		E15DE7A62A0FBF3400E5AD30 /* TripRestModel.swift */ = {isa = PBXFileReference; lastKnownFileType = sourcecode.swift; path = TripRestModel.swift; sourceTree = "<group>"; };
		E15DE7A92A0FD1D500E5AD30 /* RouteCollectionViewCell.swift */ = {isa = PBXFileReference; lastKnownFileType = sourcecode.swift; path = RouteCollectionViewCell.swift; sourceTree = "<group>"; };
		E15DE7AA2A0FD1D500E5AD30 /* RouteCollectionViewCell.xib */ = {isa = PBXFileReference; lastKnownFileType = file.xib; path = RouteCollectionViewCell.xib; sourceTree = "<group>"; };
		E15DE7AD2A0FD28800E5AD30 /* MapViewController+UICollectionView.swift */ = {isa = PBXFileReference; lastKnownFileType = sourcecode.swift; path = "MapViewController+UICollectionView.swift"; sourceTree = "<group>"; };
		E1AED9312A0FDEE900D18204 /* TripModel.swift */ = {isa = PBXFileReference; lastKnownFileType = sourcecode.swift; path = TripModel.swift; sourceTree = "<group>"; };
		E1AED9332A0FE2AC00D18204 /* MapWorker.swift */ = {isa = PBXFileReference; lastKnownFileType = sourcecode.swift; path = MapWorker.swift; sourceTree = "<group>"; };
		E1AED9352A0FE35400D18204 /* MapWorkerProtocol.swift */ = {isa = PBXFileReference; lastKnownFileType = sourcecode.swift; path = MapWorkerProtocol.swift; sourceTree = "<group>"; };
		F16A261B0F0FC60D5840E82A /* Pods_Trip_Manager.framework */ = {isa = PBXFileReference; explicitFileType = wrapper.framework; includeInIndex = 0; path = Pods_Trip_Manager.framework; sourceTree = BUILT_PRODUCTS_DIR; };
		F9466BA9E14C757DBE6C879F /* Pods-Trip Manager.release.xcconfig */ = {isa = PBXFileReference; includeInIndex = 1; lastKnownFileType = text.xcconfig; name = "Pods-Trip Manager.release.xcconfig"; path = "Target Support Files/Pods-Trip Manager/Pods-Trip Manager.release.xcconfig"; sourceTree = "<group>"; };
/* End PBXFileReference section */

/* Begin PBXFrameworksBuildPhase section */
		E15DE7562A0F9DCC00E5AD30 /* Frameworks */ = {
			isa = PBXFrameworksBuildPhase;
			buildActionMask = 2147483647;
			files = (
				13A5DF81779EF0C03FD37D75 /* Pods_Trip_Manager.framework in Frameworks */,
			);
			runOnlyForDeploymentPostprocessing = 0;
		};
		E15DE76C2A0F9DCE00E5AD30 /* Frameworks */ = {
			isa = PBXFrameworksBuildPhase;
			buildActionMask = 2147483647;
			files = (
				11CED98A7E7F4DAD1CF743D1 /* Pods_Trip_ManagerTests.framework in Frameworks */,
			);
			runOnlyForDeploymentPostprocessing = 0;
		};
		E15DE7762A0F9DCE00E5AD30 /* Frameworks */ = {
			isa = PBXFrameworksBuildPhase;
			buildActionMask = 2147483647;
			files = (
				DA02210B75E43F99B4F8E148 /* Pods_Trip_Manager_Trip_ManagerUITests.framework in Frameworks */,
			);
			runOnlyForDeploymentPostprocessing = 0;
		};
/* End PBXFrameworksBuildPhase section */

/* Begin PBXGroup section */
		49F5E57FA4DDB4B67CB24E85 /* Pods */ = {
			isa = PBXGroup;
			children = (
				7091468D75D695ACB4949553 /* Pods-Trip Manager.debug.xcconfig */,
				F9466BA9E14C757DBE6C879F /* Pods-Trip Manager.release.xcconfig */,
				671BE86612EF598E7C60F50C /* Pods-Trip Manager-Trip ManagerUITests.debug.xcconfig */,
				9536B3678218C592A5980AD0 /* Pods-Trip Manager-Trip ManagerUITests.release.xcconfig */,
				60F2D7C4F0DB59CCF3CCFD95 /* Pods-Trip ManagerTests.debug.xcconfig */,
				40CD12445B3F18F798170F9D /* Pods-Trip ManagerTests.release.xcconfig */,
			);
			path = Pods;
			sourceTree = "<group>";
		};
		E102DE042A0FF97000E3EC5E /* Utils */ = {
			isa = PBXGroup;
			children = (
				E102DE052A0FF97C00E3EC5E /* Utils.swift */,
				E102DE072A0FF9BD00E3EC5E /* UICollectionViewExtensions.swift */,
				E102DE092A0FFA2500E3EC5E /* UIViewExtension.swift */,
			);
			name = Utils;
			path = Map/Utils;
			sourceTree = "<group>";
		};
		E102DE112A111E4D00E3EC5E /* Views */ = {
			isa = PBXGroup;
			children = (
				E102DE122A111F8E00E3EC5E /* StopView.swift */,
				E102DE142A111FBA00E3EC5E /* StopView.xib */,
			);
			path = Views;
			sourceTree = "<group>";
		};
		E102DE162A11374500E3EC5E /* Annotations */ = {
			isa = PBXGroup;
			children = (
				E102DE172A11375900E3EC5E /* StopPointAnnotation.swift */,
			);
			path = Annotations;
			sourceTree = "<group>";
		};
		E102DE192A11FD4700E3EC5E /* ContactForm */ = {
			isa = PBXGroup;
			children = (
				E102DE422A1237A100E3EC5E /* CoreData */,
				E102DE3C2A12326B00E3EC5E /* Models */,
				E102DE372A12261100E3EC5E /* Workers */,
				E102DE342A1202ED00E3EC5E /* Interactors */,
				E102DE2B2A12011900E3EC5E /* Presenters */,
				E102DE282A11FFE800E3EC5E /* Protocols */,
				E102DE252A11FFCF00E3EC5E /* Router */,
				E102DE1D2A11FD6F00E3EC5E /* Controllers */,
				E102DE1A2A11FD5000E3EC5E /* Resources */,
			);
			path = ContactForm;
			sourceTree = "<group>";
		};
		E102DE1A2A11FD5000E3EC5E /* Resources */ = {
			isa = PBXGroup;
			children = (
				E102DE1B2A11FD6600E3EC5E /* ContactForm.storyboard */,
			);
			path = Resources;
			sourceTree = "<group>";
		};
		E102DE1D2A11FD6F00E3EC5E /* Controllers */ = {
			isa = PBXGroup;
			children = (
				E102DE1E2A11FD8D00E3EC5E /* ContactFormViewController.swift */,
			);
			path = Controllers;
			sourceTree = "<group>";
		};
		E102DE202A11FDCE00E3EC5E /* Router */ = {
			isa = PBXGroup;
			children = (
				E102DE212A11FDE000E3EC5E /* MapRouter.swift */,
			);
			path = Router;
			sourceTree = "<group>";
		};
		E102DE252A11FFCF00E3EC5E /* Router */ = {
			isa = PBXGroup;
			children = (
				E102DE262A11FFE200E3EC5E /* ContactFormRouter.swift */,
			);
			path = Router;
			sourceTree = "<group>";
		};
		E102DE282A11FFE800E3EC5E /* Protocols */ = {
			isa = PBXGroup;
			children = (
				E102DE292A11FFFE00E3EC5E /* ContactFormRouterProtocol.swift */,
				E102DE2E2A12014500E3EC5E /* ContactFormPresenterProtocol.swift */,
				E102DE302A1201A800E3EC5E /* ContactFormViewControllerProtocol.swift */,
				E102DE322A1202DA00E3EC5E /* ContactFormInteractorProtocol.swift */,
				E102DE3A2A12264B00E3EC5E /* ContactFormDataWorkerProtocol.swift */,
			);
			path = Protocols;
			sourceTree = "<group>";
		};
		E102DE2B2A12011900E3EC5E /* Presenters */ = {
			isa = PBXGroup;
			children = (
				E102DE2C2A12012E00E3EC5E /* ContactFormPresenter.swift */,
			);
			path = Presenters;
			sourceTree = "<group>";
		};
		E102DE342A1202ED00E3EC5E /* Interactors */ = {
			isa = PBXGroup;
			children = (
				E102DE352A1202FD00E3EC5E /* ContactFormInteractor.swift */,
			);
			path = Interactors;
			sourceTree = "<group>";
		};
		E102DE372A12261100E3EC5E /* Workers */ = {
			isa = PBXGroup;
			children = (
				E102DE382A12262400E3EC5E /* ContactFormDataWorker.swift */,
			);
			path = Workers;
			sourceTree = "<group>";
		};
		E102DE3C2A12326B00E3EC5E /* Models */ = {
			isa = PBXGroup;
			children = (
				E102DE3D2A12327A00E3EC5E /* ContactFormFieldModel.swift */,
			);
			path = Models;
			sourceTree = "<group>";
		};
		E102DE422A1237A100E3EC5E /* CoreData */ = {
			isa = PBXGroup;
			children = (
				E102DE492A1239DE00E3EC5E /* Reports+CoreDataClass.swift */,
				E102DE4A2A1239DE00E3EC5E /* Reports+CoreDataProperties.swift */,
				E102DE432A1237B800E3EC5E /* CoreDataStack.swift */,
				E102DE3F2A12379200E3EC5E /* Reports.xcdatamodeld */,
			);
			path = CoreData;
			sourceTree = "<group>";
		};
		E15DE7502A0F9DCC00E5AD30 = {
			isa = PBXGroup;
			children = (
				E15DE75B2A0F9DCC00E5AD30 /* Trip Manager */,
				E15DE7722A0F9DCE00E5AD30 /* Trip ManagerTests */,
				E15DE77C2A0F9DCE00E5AD30 /* Trip ManagerUITests */,
				E15DE75A2A0F9DCC00E5AD30 /* Products */,
				49F5E57FA4DDB4B67CB24E85 /* Pods */,
				F1B22BBA5700A63E16E74AA0 /* Frameworks */,
			);
			sourceTree = "<group>";
		};
		E15DE75A2A0F9DCC00E5AD30 /* Products */ = {
			isa = PBXGroup;
			children = (
				E15DE7592A0F9DCC00E5AD30 /* Trip Manager.app */,
				E15DE76F2A0F9DCE00E5AD30 /* Trip ManagerTests.xctest */,
				E15DE7792A0F9DCE00E5AD30 /* Trip ManagerUITests.xctest */,
			);
			name = Products;
			sourceTree = "<group>";
		};
		E15DE75B2A0F9DCC00E5AD30 /* Trip Manager */ = {
			isa = PBXGroup;
			children = (
				E102DE192A11FD4700E3EC5E /* ContactForm */,
				E102DE042A0FF97000E3EC5E /* Utils */,
				E15DE78C2A0FB03400E5AD30 /* Map */,
				E15DE75C2A0F9DCC00E5AD30 /* AppDelegate.swift */,
				E15DE75E2A0F9DCC00E5AD30 /* SceneDelegate.swift */,
				E15DE7602A0F9DCC00E5AD30 /* ViewController.swift */,
				E15DE7622A0F9DCC00E5AD30 /* Main.storyboard */,
				E15DE7652A0F9DCD00E5AD30 /* Assets.xcassets */,
				E15DE7672A0F9DCD00E5AD30 /* LaunchScreen.storyboard */,
				E15DE76A2A0F9DCD00E5AD30 /* Info.plist */,
			);
			path = "Trip Manager";
			sourceTree = "<group>";
		};
		E15DE7722A0F9DCE00E5AD30 /* Trip ManagerTests */ = {
			isa = PBXGroup;
			children = (
				E15DE7732A0F9DCE00E5AD30 /* Trip_ManagerTests.swift */,
			);
			path = "Trip ManagerTests";
			sourceTree = "<group>";
		};
		E15DE77C2A0F9DCE00E5AD30 /* Trip ManagerUITests */ = {
			isa = PBXGroup;
			children = (
				E15DE77D2A0F9DCE00E5AD30 /* Trip_ManagerUITests.swift */,
				E15DE77F2A0F9DCE00E5AD30 /* Trip_ManagerUITestsLaunchTests.swift */,
			);
			path = "Trip ManagerUITests";
			sourceTree = "<group>";
		};
		E15DE78C2A0FB03400E5AD30 /* Map */ = {
			isa = PBXGroup;
			children = (
				E102DE202A11FDCE00E3EC5E /* Router */,
				E102DE162A11374500E3EC5E /* Annotations */,
				E15DE7A52A0FBF2400E5AD30 /* Models */,
				E15DE7A02A0FBC6700E5AD30 /* Workers */,
				E15DE7992A0FB78D00E5AD30 /* Protocols */,
				E15DE7982A0FB5F300E5AD30 /* Presenters */,
				E15DE7932A0FB5A800E5AD30 /* Interactors */,
				E15DE7902A0FB35800E5AD30 /* Controllers */,
				E15DE78D2A0FB05C00E5AD30 /* Resources */,
			);
			path = Map;
			sourceTree = "<group>";
		};
		E15DE78D2A0FB05C00E5AD30 /* Resources */ = {
			isa = PBXGroup;
			children = (
				E15DE78E2A0FB07F00E5AD30 /* Map.storyboard */,
			);
			path = Resources;
			sourceTree = "<group>";
		};
		E15DE7902A0FB35800E5AD30 /* Controllers */ = {
			isa = PBXGroup;
			children = (
				E102DE112A111E4D00E3EC5E /* Views */,
				E15DE7A82A0FD1AD00E5AD30 /* Cells */,
				E15DE7912A0FB37B00E5AD30 /* MapViewController.swift */,
				E15DE7AD2A0FD28800E5AD30 /* MapViewController+UICollectionView.swift */,
			);
			path = Controllers;
			sourceTree = "<group>";
		};
		E15DE7932A0FB5A800E5AD30 /* Interactors */ = {
			isa = PBXGroup;
			children = (
				E15DE7942A0FB5C600E5AD30 /* MapInteractor.swift */,
			);
			path = Interactors;
			sourceTree = "<group>";
		};
		E15DE7982A0FB5F300E5AD30 /* Presenters */ = {
			isa = PBXGroup;
			children = (
				E15DE7962A0FB5EE00E5AD30 /* MapPresenter.swift */,
			);
			path = Presenters;
			sourceTree = "<group>";
		};
		E15DE7992A0FB78D00E5AD30 /* Protocols */ = {
			isa = PBXGroup;
			children = (
				E15DE79A2A0FB7A800E5AD30 /* MapInteractorProtocol.swift */,
				E15DE79C2A0FB85100E5AD30 /* MapViewControllerProtocol.swift */,
				E15DE79E2A0FB9E000E5AD30 /* MapPresenterProtocol.swift */,
				E15DE7A32A0FBD9B00E5AD30 /* TripListRestWorkerProtocol.swift */,
				E1AED9352A0FE35400D18204 /* MapWorkerProtocol.swift */,
				E102DE0F2A11183200E3EC5E /* StopRestWorkerProtocol.swift */,
				E102DE232A11FF7600E3EC5E /* MapRouterProtocol.swift */,
			);
			path = Protocols;
			sourceTree = "<group>";
		};
		E15DE7A02A0FBC6700E5AD30 /* Workers */ = {
			isa = PBXGroup;
			children = (
				E15DE7A12A0FBC7900E5AD30 /* TripsRestWorker.swift */,
				E1AED9332A0FE2AC00D18204 /* MapWorker.swift */,
				E102DE0D2A11177D00E3EC5E /* StopRestWorker.swift */,
			);
			path = Workers;
			sourceTree = "<group>";
		};
		E15DE7A52A0FBF2400E5AD30 /* Models */ = {
			isa = PBXGroup;
			children = (
				E15DE7A62A0FBF3400E5AD30 /* TripRestModel.swift */,
				E1AED9312A0FDEE900D18204 /* TripModel.swift */,
				E102DE0B2A11168A00E3EC5E /* StopRestModel.swift */,
			);
			path = Models;
			sourceTree = "<group>";
		};
		E15DE7A82A0FD1AD00E5AD30 /* Cells */ = {
			isa = PBXGroup;
			children = (
				E15DE7A92A0FD1D500E5AD30 /* RouteCollectionViewCell.swift */,
				E15DE7AA2A0FD1D500E5AD30 /* RouteCollectionViewCell.xib */,
			);
			path = Cells;
			sourceTree = "<group>";
		};
		F1B22BBA5700A63E16E74AA0 /* Frameworks */ = {
			isa = PBXGroup;
			children = (
				F16A261B0F0FC60D5840E82A /* Pods_Trip_Manager.framework */,
				288237A51401996BDF9A8F34 /* Pods_Trip_Manager_Trip_ManagerUITests.framework */,
				AF836D69C2A81BAB91827337 /* Pods_Trip_ManagerTests.framework */,
			);
			name = Frameworks;
			sourceTree = "<group>";
		};
/* End PBXGroup section */

/* Begin PBXNativeTarget section */
		E15DE7582A0F9DCC00E5AD30 /* Trip Manager */ = {
			isa = PBXNativeTarget;
			buildConfigurationList = E15DE7832A0F9DCE00E5AD30 /* Build configuration list for PBXNativeTarget "Trip Manager" */;
			buildPhases = (
				CB5FB5C7DA36BA2F48F8E440 /* [CP] Check Pods Manifest.lock */,
				E15DE7552A0F9DCC00E5AD30 /* Sources */,
				E15DE7562A0F9DCC00E5AD30 /* Frameworks */,
				E15DE7572A0F9DCC00E5AD30 /* Resources */,
				6AA8AEFC9983B72E866A3066 /* [CP] Embed Pods Frameworks */,
			);
			buildRules = (
			);
			dependencies = (
			);
			name = "Trip Manager";
			productName = "Trip Manager";
			productReference = E15DE7592A0F9DCC00E5AD30 /* Trip Manager.app */;
			productType = "com.apple.product-type.application";
		};
		E15DE76E2A0F9DCE00E5AD30 /* Trip ManagerTests */ = {
			isa = PBXNativeTarget;
			buildConfigurationList = E15DE7862A0F9DCE00E5AD30 /* Build configuration list for PBXNativeTarget "Trip ManagerTests" */;
			buildPhases = (
				2E55F19911162CDEF143DAAB /* [CP] Check Pods Manifest.lock */,
				E15DE76B2A0F9DCE00E5AD30 /* Sources */,
				E15DE76C2A0F9DCE00E5AD30 /* Frameworks */,
				E15DE76D2A0F9DCE00E5AD30 /* Resources */,
			);
			buildRules = (
			);
			dependencies = (
				E15DE7712A0F9DCE00E5AD30 /* PBXTargetDependency */,
			);
			name = "Trip ManagerTests";
			productName = "Trip ManagerTests";
			productReference = E15DE76F2A0F9DCE00E5AD30 /* Trip ManagerTests.xctest */;
			productType = "com.apple.product-type.bundle.unit-test";
		};
		E15DE7782A0F9DCE00E5AD30 /* Trip ManagerUITests */ = {
			isa = PBXNativeTarget;
			buildConfigurationList = E15DE7892A0F9DCE00E5AD30 /* Build configuration list for PBXNativeTarget "Trip ManagerUITests" */;
			buildPhases = (
				D65164445D4CAC6BE3EFB9C0 /* [CP] Check Pods Manifest.lock */,
				E15DE7752A0F9DCE00E5AD30 /* Sources */,
				E15DE7762A0F9DCE00E5AD30 /* Frameworks */,
				E15DE7772A0F9DCE00E5AD30 /* Resources */,
				94C8061B302F2E4861801766 /* [CP] Embed Pods Frameworks */,
			);
			buildRules = (
			);
			dependencies = (
				E15DE77B2A0F9DCE00E5AD30 /* PBXTargetDependency */,
			);
			name = "Trip ManagerUITests";
			productName = "Trip ManagerUITests";
			productReference = E15DE7792A0F9DCE00E5AD30 /* Trip ManagerUITests.xctest */;
			productType = "com.apple.product-type.bundle.ui-testing";
		};
/* End PBXNativeTarget section */

/* Begin PBXProject section */
		E15DE7512A0F9DCC00E5AD30 /* Project object */ = {
			isa = PBXProject;
			attributes = {
				BuildIndependentTargetsInParallel = 1;
				LastSwiftUpdateCheck = 1410;
				LastUpgradeCheck = 1410;
				TargetAttributes = {
					E15DE7582A0F9DCC00E5AD30 = {
						CreatedOnToolsVersion = 14.1;
					};
					E15DE76E2A0F9DCE00E5AD30 = {
						CreatedOnToolsVersion = 14.1;
						TestTargetID = E15DE7582A0F9DCC00E5AD30;
					};
					E15DE7782A0F9DCE00E5AD30 = {
						CreatedOnToolsVersion = 14.1;
						TestTargetID = E15DE7582A0F9DCC00E5AD30;
					};
				};
			};
			buildConfigurationList = E15DE7542A0F9DCC00E5AD30 /* Build configuration list for PBXProject "Trip Manager" */;
			compatibilityVersion = "Xcode 13.0";
			developmentRegion = en;
			hasScannedForEncodings = 0;
			knownRegions = (
				en,
				Base,
			);
			mainGroup = E15DE7502A0F9DCC00E5AD30;
			productRefGroup = E15DE75A2A0F9DCC00E5AD30 /* Products */;
			projectDirPath = "";
			projectRoot = "";
			targets = (
				E15DE7582A0F9DCC00E5AD30 /* Trip Manager */,
				E15DE76E2A0F9DCE00E5AD30 /* Trip ManagerTests */,
				E15DE7782A0F9DCE00E5AD30 /* Trip ManagerUITests */,
			);
		};
/* End PBXProject section */

/* Begin PBXResourcesBuildPhase section */
		E15DE7572A0F9DCC00E5AD30 /* Resources */ = {
			isa = PBXResourcesBuildPhase;
			buildActionMask = 2147483647;
			files = (
				E102DE4D2A123D7000E3EC5E /* Reports.xcdatamodeld in Resources */,
				E102DE1C2A11FD6600E3EC5E /* ContactForm.storyboard in Resources */,
				E15DE7692A0F9DCD00E5AD30 /* LaunchScreen.storyboard in Resources */,
				E15DE7662A0F9DCD00E5AD30 /* Assets.xcassets in Resources */,
				E15DE7AC2A0FD1D500E5AD30 /* RouteCollectionViewCell.xib in Resources */,
				E15DE7642A0F9DCC00E5AD30 /* Main.storyboard in Resources */,
				E102DE152A111FBA00E3EC5E /* StopView.xib in Resources */,
				E15DE78F2A0FB07F00E5AD30 /* Map.storyboard in Resources */,
			);
			runOnlyForDeploymentPostprocessing = 0;
		};
		E15DE76D2A0F9DCE00E5AD30 /* Resources */ = {
			isa = PBXResourcesBuildPhase;
			buildActionMask = 2147483647;
			files = (
			);
			runOnlyForDeploymentPostprocessing = 0;
		};
		E15DE7772A0F9DCE00E5AD30 /* Resources */ = {
			isa = PBXResourcesBuildPhase;
			buildActionMask = 2147483647;
			files = (
			);
			runOnlyForDeploymentPostprocessing = 0;
		};
/* End PBXResourcesBuildPhase section */

/* Begin PBXShellScriptBuildPhase section */
		2E55F19911162CDEF143DAAB /* [CP] Check Pods Manifest.lock */ = {
			isa = PBXShellScriptBuildPhase;
			buildActionMask = 2147483647;
			files = (
			);
			inputFileListPaths = (
			);
			inputPaths = (
				"${PODS_PODFILE_DIR_PATH}/Podfile.lock",
				"${PODS_ROOT}/Manifest.lock",
			);
			name = "[CP] Check Pods Manifest.lock";
			outputFileListPaths = (
			);
			outputPaths = (
				"$(DERIVED_FILE_DIR)/Pods-Trip ManagerTests-checkManifestLockResult.txt",
			);
			runOnlyForDeploymentPostprocessing = 0;
			shellPath = /bin/sh;
			shellScript = "diff \"${PODS_PODFILE_DIR_PATH}/Podfile.lock\" \"${PODS_ROOT}/Manifest.lock\" > /dev/null\nif [ $? != 0 ] ; then\n    # print error to STDERR\n    echo \"error: The sandbox is not in sync with the Podfile.lock. Run 'pod install' or update your CocoaPods installation.\" >&2\n    exit 1\nfi\n# This output is used by Xcode 'outputs' to avoid re-running this script phase.\necho \"SUCCESS\" > \"${SCRIPT_OUTPUT_FILE_0}\"\n";
			showEnvVarsInLog = 0;
		};
		6AA8AEFC9983B72E866A3066 /* [CP] Embed Pods Frameworks */ = {
			isa = PBXShellScriptBuildPhase;
			buildActionMask = 2147483647;
			files = (
			);
			inputFileListPaths = (
				"${PODS_ROOT}/Target Support Files/Pods-Trip Manager/Pods-Trip Manager-frameworks-${CONFIGURATION}-input-files.xcfilelist",
			);
			name = "[CP] Embed Pods Frameworks";
			outputFileListPaths = (
				"${PODS_ROOT}/Target Support Files/Pods-Trip Manager/Pods-Trip Manager-frameworks-${CONFIGURATION}-output-files.xcfilelist",
			);
			runOnlyForDeploymentPostprocessing = 0;
			shellPath = /bin/sh;
			shellScript = "\"${PODS_ROOT}/Target Support Files/Pods-Trip Manager/Pods-Trip Manager-frameworks.sh\"\n";
			showEnvVarsInLog = 0;
		};
		94C8061B302F2E4861801766 /* [CP] Embed Pods Frameworks */ = {
			isa = PBXShellScriptBuildPhase;
			buildActionMask = 2147483647;
			files = (
			);
			inputFileListPaths = (
				"${PODS_ROOT}/Target Support Files/Pods-Trip Manager-Trip ManagerUITests/Pods-Trip Manager-Trip ManagerUITests-frameworks-${CONFIGURATION}-input-files.xcfilelist",
			);
			name = "[CP] Embed Pods Frameworks";
			outputFileListPaths = (
				"${PODS_ROOT}/Target Support Files/Pods-Trip Manager-Trip ManagerUITests/Pods-Trip Manager-Trip ManagerUITests-frameworks-${CONFIGURATION}-output-files.xcfilelist",
			);
			runOnlyForDeploymentPostprocessing = 0;
			shellPath = /bin/sh;
			shellScript = "\"${PODS_ROOT}/Target Support Files/Pods-Trip Manager-Trip ManagerUITests/Pods-Trip Manager-Trip ManagerUITests-frameworks.sh\"\n";
			showEnvVarsInLog = 0;
		};
		CB5FB5C7DA36BA2F48F8E440 /* [CP] Check Pods Manifest.lock */ = {
			isa = PBXShellScriptBuildPhase;
			buildActionMask = 2147483647;
			files = (
			);
			inputFileListPaths = (
			);
			inputPaths = (
				"${PODS_PODFILE_DIR_PATH}/Podfile.lock",
				"${PODS_ROOT}/Manifest.lock",
			);
			name = "[CP] Check Pods Manifest.lock";
			outputFileListPaths = (
			);
			outputPaths = (
				"$(DERIVED_FILE_DIR)/Pods-Trip Manager-checkManifestLockResult.txt",
			);
			runOnlyForDeploymentPostprocessing = 0;
			shellPath = /bin/sh;
			shellScript = "diff \"${PODS_PODFILE_DIR_PATH}/Podfile.lock\" \"${PODS_ROOT}/Manifest.lock\" > /dev/null\nif [ $? != 0 ] ; then\n    # print error to STDERR\n    echo \"error: The sandbox is not in sync with the Podfile.lock. Run 'pod install' or update your CocoaPods installation.\" >&2\n    exit 1\nfi\n# This output is used by Xcode 'outputs' to avoid re-running this script phase.\necho \"SUCCESS\" > \"${SCRIPT_OUTPUT_FILE_0}\"\n";
			showEnvVarsInLog = 0;
		};
		D65164445D4CAC6BE3EFB9C0 /* [CP] Check Pods Manifest.lock */ = {
			isa = PBXShellScriptBuildPhase;
			buildActionMask = 2147483647;
			files = (
			);
			inputFileListPaths = (
			);
			inputPaths = (
				"${PODS_PODFILE_DIR_PATH}/Podfile.lock",
				"${PODS_ROOT}/Manifest.lock",
			);
			name = "[CP] Check Pods Manifest.lock";
			outputFileListPaths = (
			);
			outputPaths = (
				"$(DERIVED_FILE_DIR)/Pods-Trip Manager-Trip ManagerUITests-checkManifestLockResult.txt",
			);
			runOnlyForDeploymentPostprocessing = 0;
			shellPath = /bin/sh;
			shellScript = "diff \"${PODS_PODFILE_DIR_PATH}/Podfile.lock\" \"${PODS_ROOT}/Manifest.lock\" > /dev/null\nif [ $? != 0 ] ; then\n    # print error to STDERR\n    echo \"error: The sandbox is not in sync with the Podfile.lock. Run 'pod install' or update your CocoaPods installation.\" >&2\n    exit 1\nfi\n# This output is used by Xcode 'outputs' to avoid re-running this script phase.\necho \"SUCCESS\" > \"${SCRIPT_OUTPUT_FILE_0}\"\n";
			showEnvVarsInLog = 0;
		};
/* End PBXShellScriptBuildPhase section */

/* Begin PBXSourcesBuildPhase section */
		E15DE7552A0F9DCC00E5AD30 /* Sources */ = {
			isa = PBXSourcesBuildPhase;
			buildActionMask = 2147483647;
			files = (
				E15DE7612A0F9DCC00E5AD30 /* ViewController.swift in Sources */,
				E15DE79D2A0FB85100E5AD30 /* MapViewControllerProtocol.swift in Sources */,
				E1AED9342A0FE2AC00D18204 /* MapWorker.swift in Sources */,
				E102DE362A1202FD00E3EC5E /* ContactFormInteractor.swift in Sources */,
				E102DE2F2A12014500E3EC5E /* ContactFormPresenterProtocol.swift in Sources */,
				E15DE7A72A0FBF3400E5AD30 /* TripRestModel.swift in Sources */,
				E102DE2D2A12012F00E3EC5E /* ContactFormPresenter.swift in Sources */,
				E102DE392A12262400E3EC5E /* ContactFormDataWorker.swift in Sources */,
				E15DE7AB2A0FD1D500E5AD30 /* RouteCollectionViewCell.swift in Sources */,
				E15DE7A22A0FBC7900E5AD30 /* TripsRestWorker.swift in Sources */,
				E102DE182A11375900E3EC5E /* StopPointAnnotation.swift in Sources */,
				E1AED9362A0FE35400D18204 /* MapWorkerProtocol.swift in Sources */,
				E102DE222A11FDE000E3EC5E /* MapRouter.swift in Sources */,
				E15DE79F2A0FB9E000E5AD30 /* MapPresenterProtocol.swift in Sources */,
				E102DE3B2A12264B00E3EC5E /* ContactFormDataWorkerProtocol.swift in Sources */,
				E102DE442A1237B800E3EC5E /* CoreDataStack.swift in Sources */,
				E15DE75D2A0F9DCC00E5AD30 /* AppDelegate.swift in Sources */,
				E102DE0C2A11168A00E3EC5E /* StopRestModel.swift in Sources */,
				E102DE132A111F8E00E3EC5E /* StopView.swift in Sources */,
				E102DE2A2A11FFFE00E3EC5E /* ContactFormRouterProtocol.swift in Sources */,
				E102DE3E2A12327A00E3EC5E /* ContactFormFieldModel.swift in Sources */,
				E15DE75F2A0F9DCC00E5AD30 /* SceneDelegate.swift in Sources */,
				E102DE0A2A0FFA2500E3EC5E /* UIViewExtension.swift in Sources */,
				E102DE272A11FFE200E3EC5E /* ContactFormRouter.swift in Sources */,
				E102DE4C2A1239DE00E3EC5E /* Reports+CoreDataClass.swift in Sources */,
				E102DE4B2A1239DE00E3EC5E /* Reports+CoreDataProperties.swift in Sources */,
				E15DE7AE2A0FD28800E5AD30 /* MapViewController+UICollectionView.swift in Sources */,
				E102DE062A0FF97C00E3EC5E /* Utils.swift in Sources */,
				E102DE102A11183200E3EC5E /* StopRestWorkerProtocol.swift in Sources */,
				E1AED9322A0FDEE900D18204 /* TripModel.swift in Sources */,
				E15DE7A42A0FBD9B00E5AD30 /* TripListRestWorkerProtocol.swift in Sources */,
				E15DE7952A0FB5C600E5AD30 /* MapInteractor.swift in Sources */,
				E102DE082A0FF9BD00E3EC5E /* UICollectionViewExtensions.swift in Sources */,
				E15DE7922A0FB37B00E5AD30 /* MapViewController.swift in Sources */,
				E15DE79B2A0FB7A800E5AD30 /* MapInteractorProtocol.swift in Sources */,
				E102DE312A1201A800E3EC5E /* ContactFormViewControllerProtocol.swift in Sources */,
				E102DE332A1202DA00E3EC5E /* ContactFormInteractorProtocol.swift in Sources */,
				E102DE0E2A11177D00E3EC5E /* StopRestWorker.swift in Sources */,
				E15DE7972A0FB5EE00E5AD30 /* MapPresenter.swift in Sources */,
				E102DE1F2A11FD8D00E3EC5E /* ContactFormViewController.swift in Sources */,
				E102DE242A11FF7600E3EC5E /* MapRouterProtocol.swift in Sources */,
			);
			runOnlyForDeploymentPostprocessing = 0;
		};
		E15DE76B2A0F9DCE00E5AD30 /* Sources */ = {
			isa = PBXSourcesBuildPhase;
			buildActionMask = 2147483647;
			files = (
				E15DE7742A0F9DCE00E5AD30 /* Trip_ManagerTests.swift in Sources */,
			);
			runOnlyForDeploymentPostprocessing = 0;
		};
		E15DE7752A0F9DCE00E5AD30 /* Sources */ = {
			isa = PBXSourcesBuildPhase;
			buildActionMask = 2147483647;
			files = (
				E15DE77E2A0F9DCE00E5AD30 /* Trip_ManagerUITests.swift in Sources */,
				E15DE7802A0F9DCE00E5AD30 /* Trip_ManagerUITestsLaunchTests.swift in Sources */,
			);
			runOnlyForDeploymentPostprocessing = 0;
		};
/* End PBXSourcesBuildPhase section */

/* Begin PBXTargetDependency section */
		E15DE7712A0F9DCE00E5AD30 /* PBXTargetDependency */ = {
			isa = PBXTargetDependency;
			target = E15DE7582A0F9DCC00E5AD30 /* Trip Manager */;
			targetProxy = E15DE7702A0F9DCE00E5AD30 /* PBXContainerItemProxy */;
		};
		E15DE77B2A0F9DCE00E5AD30 /* PBXTargetDependency */ = {
			isa = PBXTargetDependency;
			target = E15DE7582A0F9DCC00E5AD30 /* Trip Manager */;
			targetProxy = E15DE77A2A0F9DCE00E5AD30 /* PBXContainerItemProxy */;
		};
/* End PBXTargetDependency section */

/* Begin PBXVariantGroup section */
		E15DE7622A0F9DCC00E5AD30 /* Main.storyboard */ = {
			isa = PBXVariantGroup;
			children = (
				E15DE7632A0F9DCC00E5AD30 /* Base */,
			);
			name = Main.storyboard;
			sourceTree = "<group>";
		};
		E15DE7672A0F9DCD00E5AD30 /* LaunchScreen.storyboard */ = {
			isa = PBXVariantGroup;
			children = (
				E15DE7682A0F9DCD00E5AD30 /* Base */,
			);
			name = LaunchScreen.storyboard;
			sourceTree = "<group>";
		};
/* End PBXVariantGroup section */

/* Begin XCBuildConfiguration section */
		E15DE7812A0F9DCE00E5AD30 /* Debug */ = {
			isa = XCBuildConfiguration;
			buildSettings = {
				ALWAYS_SEARCH_USER_PATHS = NO;
				CLANG_ANALYZER_NONNULL = YES;
				CLANG_ANALYZER_NUMBER_OBJECT_CONVERSION = YES_AGGRESSIVE;
				CLANG_CXX_LANGUAGE_STANDARD = "gnu++20";
				CLANG_ENABLE_MODULES = YES;
				CLANG_ENABLE_OBJC_ARC = YES;
				CLANG_ENABLE_OBJC_WEAK = YES;
				CLANG_WARN_BLOCK_CAPTURE_AUTORELEASING = YES;
				CLANG_WARN_BOOL_CONVERSION = YES;
				CLANG_WARN_COMMA = YES;
				CLANG_WARN_CONSTANT_CONVERSION = YES;
				CLANG_WARN_DEPRECATED_OBJC_IMPLEMENTATIONS = YES;
				CLANG_WARN_DIRECT_OBJC_ISA_USAGE = YES_ERROR;
				CLANG_WARN_DOCUMENTATION_COMMENTS = YES;
				CLANG_WARN_EMPTY_BODY = YES;
				CLANG_WARN_ENUM_CONVERSION = YES;
				CLANG_WARN_INFINITE_RECURSION = YES;
				CLANG_WARN_INT_CONVERSION = YES;
				CLANG_WARN_NON_LITERAL_NULL_CONVERSION = YES;
				CLANG_WARN_OBJC_IMPLICIT_RETAIN_SELF = YES;
				CLANG_WARN_OBJC_LITERAL_CONVERSION = YES;
				CLANG_WARN_OBJC_ROOT_CLASS = YES_ERROR;
				CLANG_WARN_QUOTED_INCLUDE_IN_FRAMEWORK_HEADER = YES;
				CLANG_WARN_RANGE_LOOP_ANALYSIS = YES;
				CLANG_WARN_STRICT_PROTOTYPES = YES;
				CLANG_WARN_SUSPICIOUS_MOVE = YES;
				CLANG_WARN_UNGUARDED_AVAILABILITY = YES_AGGRESSIVE;
				CLANG_WARN_UNREACHABLE_CODE = YES;
				CLANG_WARN__DUPLICATE_METHOD_MATCH = YES;
				COPY_PHASE_STRIP = NO;
				DEBUG_INFORMATION_FORMAT = dwarf;
				ENABLE_STRICT_OBJC_MSGSEND = YES;
				ENABLE_TESTABILITY = YES;
				GCC_C_LANGUAGE_STANDARD = gnu11;
				GCC_DYNAMIC_NO_PIC = NO;
				GCC_NO_COMMON_BLOCKS = YES;
				GCC_OPTIMIZATION_LEVEL = 0;
				GCC_PREPROCESSOR_DEFINITIONS = (
					"DEBUG=1",
					"$(inherited)",
				);
				GCC_WARN_64_TO_32_BIT_CONVERSION = YES;
				GCC_WARN_ABOUT_RETURN_TYPE = YES_ERROR;
				GCC_WARN_UNDECLARED_SELECTOR = YES;
				GCC_WARN_UNINITIALIZED_AUTOS = YES_AGGRESSIVE;
				GCC_WARN_UNUSED_FUNCTION = YES;
				GCC_WARN_UNUSED_VARIABLE = YES;
				IPHONEOS_DEPLOYMENT_TARGET = 13.0;
				MTL_ENABLE_DEBUG_INFO = INCLUDE_SOURCE;
				MTL_FAST_MATH = YES;
				ONLY_ACTIVE_ARCH = YES;
				SDKROOT = iphoneos;
				SWIFT_ACTIVE_COMPILATION_CONDITIONS = DEBUG;
				SWIFT_OPTIMIZATION_LEVEL = "-Onone";
				SWIFT_VERSION = 4.2;
			};
			name = Debug;
		};
		E15DE7822A0F9DCE00E5AD30 /* Release */ = {
			isa = XCBuildConfiguration;
			buildSettings = {
				ALWAYS_SEARCH_USER_PATHS = NO;
				CLANG_ANALYZER_NONNULL = YES;
				CLANG_ANALYZER_NUMBER_OBJECT_CONVERSION = YES_AGGRESSIVE;
				CLANG_CXX_LANGUAGE_STANDARD = "gnu++20";
				CLANG_ENABLE_MODULES = YES;
				CLANG_ENABLE_OBJC_ARC = YES;
				CLANG_ENABLE_OBJC_WEAK = YES;
				CLANG_WARN_BLOCK_CAPTURE_AUTORELEASING = YES;
				CLANG_WARN_BOOL_CONVERSION = YES;
				CLANG_WARN_COMMA = YES;
				CLANG_WARN_CONSTANT_CONVERSION = YES;
				CLANG_WARN_DEPRECATED_OBJC_IMPLEMENTATIONS = YES;
				CLANG_WARN_DIRECT_OBJC_ISA_USAGE = YES_ERROR;
				CLANG_WARN_DOCUMENTATION_COMMENTS = YES;
				CLANG_WARN_EMPTY_BODY = YES;
				CLANG_WARN_ENUM_CONVERSION = YES;
				CLANG_WARN_INFINITE_RECURSION = YES;
				CLANG_WARN_INT_CONVERSION = YES;
				CLANG_WARN_NON_LITERAL_NULL_CONVERSION = YES;
				CLANG_WARN_OBJC_IMPLICIT_RETAIN_SELF = YES;
				CLANG_WARN_OBJC_LITERAL_CONVERSION = YES;
				CLANG_WARN_OBJC_ROOT_CLASS = YES_ERROR;
				CLANG_WARN_QUOTED_INCLUDE_IN_FRAMEWORK_HEADER = YES;
				CLANG_WARN_RANGE_LOOP_ANALYSIS = YES;
				CLANG_WARN_STRICT_PROTOTYPES = YES;
				CLANG_WARN_SUSPICIOUS_MOVE = YES;
				CLANG_WARN_UNGUARDED_AVAILABILITY = YES_AGGRESSIVE;
				CLANG_WARN_UNREACHABLE_CODE = YES;
				CLANG_WARN__DUPLICATE_METHOD_MATCH = YES;
				COPY_PHASE_STRIP = NO;
				DEBUG_INFORMATION_FORMAT = "dwarf-with-dsym";
				ENABLE_NS_ASSERTIONS = NO;
				ENABLE_STRICT_OBJC_MSGSEND = YES;
				GCC_C_LANGUAGE_STANDARD = gnu11;
				GCC_NO_COMMON_BLOCKS = YES;
				GCC_WARN_64_TO_32_BIT_CONVERSION = YES;
				GCC_WARN_ABOUT_RETURN_TYPE = YES_ERROR;
				GCC_WARN_UNDECLARED_SELECTOR = YES;
				GCC_WARN_UNINITIALIZED_AUTOS = YES_AGGRESSIVE;
				GCC_WARN_UNUSED_FUNCTION = YES;
				GCC_WARN_UNUSED_VARIABLE = YES;
				IPHONEOS_DEPLOYMENT_TARGET = 13.0;
				MTL_ENABLE_DEBUG_INFO = NO;
				MTL_FAST_MATH = YES;
				SDKROOT = iphoneos;
				SWIFT_COMPILATION_MODE = wholemodule;
				SWIFT_OPTIMIZATION_LEVEL = "-O";
				SWIFT_VERSION = 4.2;
				VALIDATE_PRODUCT = YES;
			};
			name = Release;
		};
		E15DE7842A0F9DCE00E5AD30 /* Debug */ = {
			isa = XCBuildConfiguration;
			baseConfigurationReference = 7091468D75D695ACB4949553 /* Pods-Trip Manager.debug.xcconfig */;
			buildSettings = {
				ASSETCATALOG_COMPILER_APPICON_NAME = AppIcon;
				ASSETCATALOG_COMPILER_GLOBAL_ACCENT_COLOR_NAME = AccentColor;
				CODE_SIGN_STYLE = Automatic;
				CURRENT_PROJECT_VERSION = 1;
				GENERATE_INFOPLIST_FILE = YES;
				INFOPLIST_FILE = "Trip Manager/Info.plist";
				INFOPLIST_KEY_UIApplicationSupportsIndirectInputEvents = YES;
				INFOPLIST_KEY_UILaunchStoryboardName = LaunchScreen;
				INFOPLIST_KEY_UIMainStoryboardFile = Main;
				INFOPLIST_KEY_UISupportedInterfaceOrientations = UIInterfaceOrientationPortrait;
				INFOPLIST_KEY_UISupportedInterfaceOrientations_iPad = "UIInterfaceOrientationLandscapeLeft UIInterfaceOrientationLandscapeRight UIInterfaceOrientationPortrait UIInterfaceOrientationPortraitUpsideDown";
				IPHONEOS_DEPLOYMENT_TARGET = 13.0;
				LD_RUNPATH_SEARCH_PATHS = (
					"$(inherited)",
					"@executable_path/Frameworks",
				);
				MARKETING_VERSION = 1.0;
				PRODUCT_BUNDLE_IDENTIFIER = "com.github.isacenco.Trip-Manager";
				PRODUCT_NAME = "$(TARGET_NAME)";
				SWIFT_EMIT_LOC_STRINGS = YES;
				SWIFT_VERSION = 4.2;
				TARGETED_DEVICE_FAMILY = "1,2";
			};
			name = Debug;
		};
		E15DE7852A0F9DCE00E5AD30 /* Release */ = {
			isa = XCBuildConfiguration;
			baseConfigurationReference = F9466BA9E14C757DBE6C879F /* Pods-Trip Manager.release.xcconfig */;
			buildSettings = {
				ASSETCATALOG_COMPILER_APPICON_NAME = AppIcon;
				ASSETCATALOG_COMPILER_GLOBAL_ACCENT_COLOR_NAME = AccentColor;
				CODE_SIGN_STYLE = Automatic;
				CURRENT_PROJECT_VERSION = 1;
				GENERATE_INFOPLIST_FILE = YES;
				INFOPLIST_FILE = "Trip Manager/Info.plist";
				INFOPLIST_KEY_UIApplicationSupportsIndirectInputEvents = YES;
				INFOPLIST_KEY_UILaunchStoryboardName = LaunchScreen;
				INFOPLIST_KEY_UIMainStoryboardFile = Main;
				INFOPLIST_KEY_UISupportedInterfaceOrientations = UIInterfaceOrientationPortrait;
				INFOPLIST_KEY_UISupportedInterfaceOrientations_iPad = "UIInterfaceOrientationLandscapeLeft UIInterfaceOrientationLandscapeRight UIInterfaceOrientationPortrait UIInterfaceOrientationPortraitUpsideDown";
				IPHONEOS_DEPLOYMENT_TARGET = 13.0;
				LD_RUNPATH_SEARCH_PATHS = (
					"$(inherited)",
					"@executable_path/Frameworks",
				);
				MARKETING_VERSION = 1.0;
				PRODUCT_BUNDLE_IDENTIFIER = "com.github.isacenco.Trip-Manager";
				PRODUCT_NAME = "$(TARGET_NAME)";
				SWIFT_EMIT_LOC_STRINGS = YES;
				SWIFT_VERSION = 4.2;
				TARGETED_DEVICE_FAMILY = "1,2";
			};
			name = Release;
		};
		E15DE7872A0F9DCE00E5AD30 /* Debug */ = {
			isa = XCBuildConfiguration;
			baseConfigurationReference = 60F2D7C4F0DB59CCF3CCFD95 /* Pods-Trip ManagerTests.debug.xcconfig */;
			buildSettings = {
				ALWAYS_EMBED_SWIFT_STANDARD_LIBRARIES = YES;
				BUNDLE_LOADER = "$(TEST_HOST)";
				CODE_SIGN_STYLE = Automatic;
				CURRENT_PROJECT_VERSION = 1;
				GENERATE_INFOPLIST_FILE = YES;
				IPHONEOS_DEPLOYMENT_TARGET = 16.1;
				MARKETING_VERSION = 1.0;
				PRODUCT_BUNDLE_IDENTIFIER = "com.github.isacenco.Trip-ManagerTests";
				PRODUCT_NAME = "$(TARGET_NAME)";
				SWIFT_EMIT_LOC_STRINGS = NO;
				SWIFT_VERSION = 5.0;
				TARGETED_DEVICE_FAMILY = "1,2";
				TEST_HOST = "$(BUILT_PRODUCTS_DIR)/Trip Manager.app/$(BUNDLE_EXECUTABLE_FOLDER_PATH)/Trip Manager";
			};
			name = Debug;
		};
		E15DE7882A0F9DCE00E5AD30 /* Release */ = {
			isa = XCBuildConfiguration;
			baseConfigurationReference = 40CD12445B3F18F798170F9D /* Pods-Trip ManagerTests.release.xcconfig */;
			buildSettings = {
				ALWAYS_EMBED_SWIFT_STANDARD_LIBRARIES = YES;
				BUNDLE_LOADER = "$(TEST_HOST)";
				CODE_SIGN_STYLE = Automatic;
				CURRENT_PROJECT_VERSION = 1;
				GENERATE_INFOPLIST_FILE = YES;
				IPHONEOS_DEPLOYMENT_TARGET = 16.1;
				MARKETING_VERSION = 1.0;
				PRODUCT_BUNDLE_IDENTIFIER = "com.github.isacenco.Trip-ManagerTests";
				PRODUCT_NAME = "$(TARGET_NAME)";
				SWIFT_EMIT_LOC_STRINGS = NO;
				SWIFT_VERSION = 5.0;
				TARGETED_DEVICE_FAMILY = "1,2";
				TEST_HOST = "$(BUILT_PRODUCTS_DIR)/Trip Manager.app/$(BUNDLE_EXECUTABLE_FOLDER_PATH)/Trip Manager";
			};
			name = Release;
		};
		E15DE78A2A0F9DCE00E5AD30 /* Debug */ = {
			isa = XCBuildConfiguration;
			baseConfigurationReference = 671BE86612EF598E7C60F50C /* Pods-Trip Manager-Trip ManagerUITests.debug.xcconfig */;
			buildSettings = {
				ALWAYS_EMBED_SWIFT_STANDARD_LIBRARIES = YES;
				CODE_SIGN_STYLE = Automatic;
				CURRENT_PROJECT_VERSION = 1;
				GENERATE_INFOPLIST_FILE = YES;
				MARKETING_VERSION = 1.0;
				PRODUCT_BUNDLE_IDENTIFIER = "com.github.isacenco.Trip-ManagerUITests";
				PRODUCT_NAME = "$(TARGET_NAME)";
				SWIFT_EMIT_LOC_STRINGS = NO;
				SWIFT_VERSION = 5.0;
				TARGETED_DEVICE_FAMILY = "1,2";
				TEST_TARGET_NAME = "Trip Manager";
			};
			name = Debug;
		};
		E15DE78B2A0F9DCE00E5AD30 /* Release */ = {
			isa = XCBuildConfiguration;
			baseConfigurationReference = 9536B3678218C592A5980AD0 /* Pods-Trip Manager-Trip ManagerUITests.release.xcconfig */;
			buildSettings = {
				ALWAYS_EMBED_SWIFT_STANDARD_LIBRARIES = YES;
				CODE_SIGN_STYLE = Automatic;
				CURRENT_PROJECT_VERSION = 1;
				GENERATE_INFOPLIST_FILE = YES;
				MARKETING_VERSION = 1.0;
				PRODUCT_BUNDLE_IDENTIFIER = "com.github.isacenco.Trip-ManagerUITests";
				PRODUCT_NAME = "$(TARGET_NAME)";
				SWIFT_EMIT_LOC_STRINGS = NO;
				SWIFT_VERSION = 5.0;
				TARGETED_DEVICE_FAMILY = "1,2";
				TEST_TARGET_NAME = "Trip Manager";
			};
			name = Release;
		};
/* End XCBuildConfiguration section */

/* Begin XCConfigurationList section */
		E15DE7542A0F9DCC00E5AD30 /* Build configuration list for PBXProject "Trip Manager" */ = {
			isa = XCConfigurationList;
			buildConfigurations = (
				E15DE7812A0F9DCE00E5AD30 /* Debug */,
				E15DE7822A0F9DCE00E5AD30 /* Release */,
			);
			defaultConfigurationIsVisible = 0;
			defaultConfigurationName = Release;
		};
		E15DE7832A0F9DCE00E5AD30 /* Build configuration list for PBXNativeTarget "Trip Manager" */ = {
			isa = XCConfigurationList;
			buildConfigurations = (
				E15DE7842A0F9DCE00E5AD30 /* Debug */,
				E15DE7852A0F9DCE00E5AD30 /* Release */,
			);
			defaultConfigurationIsVisible = 0;
			defaultConfigurationName = Release;
		};
		E15DE7862A0F9DCE00E5AD30 /* Build configuration list for PBXNativeTarget "Trip ManagerTests" */ = {
			isa = XCConfigurationList;
			buildConfigurations = (
				E15DE7872A0F9DCE00E5AD30 /* Debug */,
				E15DE7882A0F9DCE00E5AD30 /* Release */,
			);
			defaultConfigurationIsVisible = 0;
			defaultConfigurationName = Release;
		};
		E15DE7892A0F9DCE00E5AD30 /* Build configuration list for PBXNativeTarget "Trip ManagerUITests" */ = {
			isa = XCConfigurationList;
			buildConfigurations = (
				E15DE78A2A0F9DCE00E5AD30 /* Debug */,
				E15DE78B2A0F9DCE00E5AD30 /* Release */,
			);
			defaultConfigurationIsVisible = 0;
			defaultConfigurationName = Release;
		};
/* End XCConfigurationList section */

/* Begin XCVersionGroup section */
		E102DE3F2A12379200E3EC5E /* Reports.xcdatamodeld */ = {
			isa = XCVersionGroup;
			children = (
				E102DE402A12379200E3EC5E /* Reports.xcdatamodel */,
			);
			currentVersion = E102DE402A12379200E3EC5E /* Reports.xcdatamodel */;
			path = Reports.xcdatamodeld;
			sourceTree = "<group>";
			versionGroupType = wrapper.xcdatamodel;
		};
/* End XCVersionGroup section */
	};
	rootObject = E15DE7512A0F9DCC00E5AD30 /* Project object */;
}
